
Microsoft Visual Studio Solution File, Format Version 12.00
# Visual Studio Version 17
VisualStudioVersion = 17.3.32901.215
MinimumVisualStudioVersion = 10.0.40219.1
Project("{2150E333-8FDC-42A3-9474-1A3956D46DE8}") = "Src", "Src", "{A696C410-335B-4759-B4BD-27FAA07AF454}"
EndProject
Project("{2150E333-8FDC-42A3-9474-1A3956D46DE8}") = "Core", "Core", "{4A2B6985-99F3-42CF-A917-6A1093B81622}"
EndProject
Project("{2150E333-8FDC-42A3-9474-1A3956D46DE8}") = "Infrastructure", "Infrastructure", "{D71D6C0D-113D-417F-9973-33E3BC178542}"
EndProject
Project("{2150E333-8FDC-42A3-9474-1A3956D46DE8}") = "Presentation", "Presentation", "{A98057D1-22FE-48C2-AABE-B4E6AD32AFB4}"
EndProject
Project("{2150E333-8FDC-42A3-9474-1A3956D46DE8}") = "Tests", "Tests", "{D4F162B3-D0F1-45F7-B4CE-948AC7885CF2}"
EndProject
Project("{9A19103F-16F7-4668-BE54-9A1E7A4F7556}") = "Wdi.Core.Domain", "Src\Core\Wdi.Core.Domain\Wdi.Core.Domain.csproj", "{97E3B526-F9E5-4D59-87FD-5C3884D55311}"
EndProject
Project("{9A19103F-16F7-4668-BE54-9A1E7A4F7556}") = "Wdi.Core.Application", "Src\Core\Wdi.Core.Application\Wdi.Core.Application.csproj", "{9A83CF51-72EC-4D73-BFBF-351B3246F79F}"
EndProject
Project("{9A19103F-16F7-4668-BE54-9A1E7A4F7556}") = "Wdi.Infrastructure.Persistence", "Src\Infrastructure\Wdi.Infrastructure.Persistence\Wdi.Infrastructure.Persistence.csproj", "{848EB6F0-0E34-48A7-BF84-BB7795F730EF}"
EndProject
Project("{9A19103F-16F7-4668-BE54-9A1E7A4F7556}") = "Wdi.Infrastructure.InfrastructureLayer", "Src\Infrastructure\Wdi.Infrastructure.InfrastructureLayer\Wdi.Infrastructure.InfrastructureLayer.csproj", "{508947D2-2E40-48F7-B004-09233990288E}"
EndProject
Project("{9A19103F-16F7-4668-BE54-9A1E7A4F7556}") = "Wdi.Presentation.UIWeb", "Src\Presentation\Wdi.Presentation.UIWeb\Wdi.Presentation.UIWeb.csproj", "{64027BBA-15C8-4830-A389-2D57B99904EB}"
EndProject
Project("{9A19103F-16F7-4668-BE54-9A1E7A4F7556}") = "Wdi.Presentation.UIConsole", "Src\Presentation\Wdi.Presentation.UIConsole\Wdi.Presentation.UIConsole.csproj", "{15D9DBCA-0DE4-4A5F-BD12-7ECD7835A378}"
EndProject
Project("{9A19103F-16F7-4668-BE54-9A1E7A4F7556}") = "Wdi.Tests.MSTest", "Src\Tests\Wdi.Tests.MSTest\Wdi.Tests.MSTest.csproj", "{E979ADD3-A670-45D7-923C-1A7B4C02540C}"
EndProject
Project("{9A19103F-16F7-4668-BE54-9A1E7A4F7556}") = "Wdi.Tests.NUnitTest", "Src\Tests\Wdi.Tests.NUnitTest\Wdi.Tests.NUnitTest.csproj", "{C7A0811F-8B79-4AED-89CE-AB24A55FD4E5}"
EndProject
Project("{9A19103F-16F7-4668-BE54-9A1E7A4F7556}") = "Wdi.Tests.xUnitTest", "Src\Tests\Wdi.Tests.xUnitTest\Wdi.Tests.xUnitTest.csproj", "{A79C75BC-B801-492C-B3B5-856E6A78D0E4}"
EndProject
Global
	GlobalSection(SolutionConfigurationPlatforms) = preSolution
		Debug|Any CPU = Debug|Any CPU
		Release|Any CPU = Release|Any CPU
	EndGlobalSection
	GlobalSection(ProjectConfigurationPlatforms) = postSolution
		{97E3B526-F9E5-4D59-87FD-5C3884D55311}.Debug|Any CPU.ActiveCfg = Debug|Any CPU
		{97E3B526-F9E5-4D59-87FD-5C3884D55311}.Debug|Any CPU.Build.0 = Debug|Any CPU
		{97E3B526-F9E5-4D59-87FD-5C3884D55311}.Release|Any CPU.ActiveCfg = Release|Any CPU
		{97E3B526-F9E5-4D59-87FD-5C3884D55311}.Release|Any CPU.Build.0 = Release|Any CPU
		{9A83CF51-72EC-4D73-BFBF-351B3246F79F}.Debug|Any CPU.ActiveCfg = Debug|Any CPU
		{9A83CF51-72EC-4D73-BFBF-351B3246F79F}.Debug|Any CPU.Build.0 = Debug|Any CPU
		{9A83CF51-72EC-4D73-BFBF-351B3246F79F}.Release|Any CPU.ActiveCfg = Release|Any CPU
		{9A83CF51-72EC-4D73-BFBF-351B3246F79F}.Release|Any CPU.Build.0 = Release|Any CPU
		{848EB6F0-0E34-48A7-BF84-BB7795F730EF}.Debug|Any CPU.ActiveCfg = Debug|Any CPU
		{848EB6F0-0E34-48A7-BF84-BB7795F730EF}.Debug|Any CPU.Build.0 = Debug|Any CPU
		{848EB6F0-0E34-48A7-BF84-BB7795F730EF}.Release|Any CPU.ActiveCfg = Release|Any CPU
		{848EB6F0-0E34-48A7-BF84-BB7795F730EF}.Release|Any CPU.Build.0 = Release|Any CPU
		{508947D2-2E40-48F7-B004-09233990288E}.Debug|Any CPU.ActiveCfg = Debug|Any CPU
		{508947D2-2E40-48F7-B004-09233990288E}.Debug|Any CPU.Build.0 = Debug|Any CPU
		{508947D2-2E40-48F7-B004-09233990288E}.Release|Any CPU.ActiveCfg = Release|Any CPU
		{508947D2-2E40-48F7-B004-09233990288E}.Release|Any CPU.Build.0 = Release|Any CPU
		{64027BBA-15C8-4830-A389-2D57B99904EB}.Debug|Any CPU.ActiveCfg = Debug|Any CPU
		{64027BBA-15C8-4830-A389-2D57B99904EB}.Debug|Any CPU.Build.0 = Debug|Any CPU
		{64027BBA-15C8-4830-A389-2D57B99904EB}.Release|Any CPU.ActiveCfg = Release|Any CPU
		{64027BBA-15C8-4830-A389-2D57B99904EB}.Release|Any CPU.Build.0 = Release|Any CPU
		{15D9DBCA-0DE4-4A5F-BD12-7ECD7835A378}.Debug|Any CPU.ActiveCfg = Debug|Any CPU
		{15D9DBCA-0DE4-4A5F-BD12-7ECD7835A378}.Debug|Any CPU.Build.0 = Debug|Any CPU
		{15D9DBCA-0DE4-4A5F-BD12-7ECD7835A378}.Release|Any CPU.ActiveCfg = Release|Any CPU
		{15D9DBCA-0DE4-4A5F-BD12-7ECD7835A378}.Release|Any CPU.Build.0 = Release|Any CPU
		{E979ADD3-A670-45D7-923C-1A7B4C02540C}.Debug|Any CPU.ActiveCfg = Debug|Any CPU
		{E979ADD3-A670-45D7-923C-1A7B4C02540C}.Debug|Any CPU.Build.0 = Debug|Any CPU
		{E979ADD3-A670-45D7-923C-1A7B4C02540C}.Release|Any CPU.ActiveCfg = Release|Any CPU
		{E979ADD3-A670-45D7-923C-1A7B4C02540C}.Release|Any CPU.Build.0 = Release|Any CPU
		{C7A0811F-8B79-4AED-89CE-AB24A55FD4E5}.Debug|Any CPU.ActiveCfg = Debug|Any CPU
		{C7A0811F-8B79-4AED-89CE-AB24A55FD4E5}.Debug|Any CPU.Build.0 = Debug|Any CPU
		{C7A0811F-8B79-4AED-89CE-AB24A55FD4E5}.Release|Any CPU.ActiveCfg = Release|Any CPU
		{C7A0811F-8B79-4AED-89CE-AB24A55FD4E5}.Release|Any CPU.Build.0 = Release|Any CPU
		{A79C75BC-B801-492C-B3B5-856E6A78D0E4}.Debug|Any CPU.ActiveCfg = Debug|Any CPU
		{A79C75BC-B801-492C-B3B5-856E6A78D0E4}.Debug|Any CPU.Build.0 = Debug|Any CPU
		{A79C75BC-B801-492C-B3B5-856E6A78D0E4}.Release|Any CPU.ActiveCfg = Release|Any CPU
		{A79C75BC-B801-492C-B3B5-856E6A78D0E4}.Release|Any CPU.Build.0 = Release|Any CPU
	EndGlobalSection
	GlobalSection(SolutionProperties) = preSolution
		HideSolutionNode = FALSE
	EndGlobalSection
	GlobalSection(NestedProjects) = preSolution
		{4A2B6985-99F3-42CF-A917-6A1093B81622} = {A696C410-335B-4759-B4BD-27FAA07AF454}
		{D71D6C0D-113D-417F-9973-33E3BC178542} = {A696C410-335B-4759-B4BD-27FAA07AF454}
		{A98057D1-22FE-48C2-AABE-B4E6AD32AFB4} = {A696C410-335B-4759-B4BD-27FAA07AF454}
		{D4F162B3-D0F1-45F7-B4CE-948AC7885CF2} = {A696C410-335B-4759-B4BD-27FAA07AF454}
		{97E3B526-F9E5-4D59-87FD-5C3884D55311} = {4A2B6985-99F3-42CF-A917-6A1093B81622}
		{9A83CF51-72EC-4D73-BFBF-351B3246F79F} = {4A2B6985-99F3-42CF-A917-6A1093B81622}
		{848EB6F0-0E34-48A7-BF84-BB7795F730EF} = {D71D6C0D-113D-417F-9973-33E3BC178542}
		{508947D2-2E40-48F7-B004-09233990288E} = {D71D6C0D-113D-417F-9973-33E3BC178542}
		{64027BBA-15C8-4830-A389-2D57B99904EB} = {A98057D1-22FE-48C2-AABE-B4E6AD32AFB4}
		{15D9DBCA-0DE4-4A5F-BD12-7ECD7835A378} = {A98057D1-22FE-48C2-AABE-B4E6AD32AFB4}
		{E979ADD3-A670-45D7-923C-1A7B4C02540C} = {D4F162B3-D0F1-45F7-B4CE-948AC7885CF2}
		{C7A0811F-8B79-4AED-89CE-AB24A55FD4E5} = {D4F162B3-D0F1-45F7-B4CE-948AC7885CF2}
		{A79C75BC-B801-492C-B3B5-856E6A78D0E4} = {D4F162B3-D0F1-45F7-B4CE-948AC7885CF2}
	EndGlobalSection
	GlobalSection(ExtensibilityGlobals) = postSolution
		SolutionGuid = {C2BBCDF1-C969-4B14-A2FF-71B0236CB927}
	EndGlobalSection
EndGlobal
